
Microsoft Visual Studio Solution File, Format Version 12.00
# Visual Studio Version 16
VisualStudioVersion = 16.0.34301.259
MinimumVisualStudioVersion = 10.0.40219.1
Project("{FAE04EC0-301F-11D3-BF4B-00C04F79EFBC}") = "Project2", "Project2.csproj", "{01673A97-563A-48A7-8C8C-6EA560E850A2}"
EndProject
Global
	GlobalSection(SolutionConfigurationPlatforms) = preSolution
		Debug|Any CPU = Debug|Any CPU
		Release|Any CPU = Release|Any CPU
	EndGlobalSection
	GlobalSection(ProjectConfigurationPlatforms) = postSolution
		{01673A97-563A-48A7-8C8C-6EA560E850A2}.Debug|Any CPU.ActiveCfg = Debug|Any CPU
		{01673A97-563A-48A7-8C8C-6EA560E850A2}.Debug|Any CPU.Build.0 = Debug|Any CPU
		{01673A97-563A-48A7-8C8C-6EA560E850A2}.Release|Any CPU.ActiveCfg = Release|Any CPU
		{01673A97-563A-48A7-8C8C-6EA560E850A2}.Release|Any CPU.Build.0 = Release|Any CPU
	EndGlobalSection
	GlobalSection(SolutionProperties) = preSolution
		HideSolutionNode = FALSE
	EndGlobalSection
	GlobalSection(ExtensibilityGlobals) = postSolution
		SolutionGuid = {FA6A37A0-4F23-45F4-9BE6-05053EA8F701}
	EndGlobalSection
EndGlobal
