
Microsoft Visual Studio Solution File, Format Version 12.00
# Visual Studio Version 16
VisualStudioVersion = 16.0.34301.259
MinimumVisualStudioVersion = 10.0.40219.1
Project("{9A19103F-16F7-4668-BE54-9A1E7A4F7556}") = "Project2", "Project2.csproj", "{01673A97-563A-48A7-8C8C-6EA560E850A2}"
EndProject
Project("{9A19103F-16F7-4668-BE54-9A1E7A4F7556}") = "MLModel_ConsoleApp2", "..\MLModel_ConsoleApp2\MLModel_ConsoleApp2.csproj", "{B14CF9DC-4635-4A60-96E7-5E7AF68EC70A}"
EndProject
Global
	GlobalSection(SolutionConfigurationPlatforms) = preSolution
		Debug|Any CPU = Debug|Any CPU
		Release|Any CPU = Release|Any CPU
	EndGlobalSection
	GlobalSection(ProjectConfigurationPlatforms) = postSolution
		{01673A97-563A-48A7-8C8C-6EA560E850A2}.Debug|Any CPU.ActiveCfg = Debug|Any CPU
		{01673A97-563A-48A7-8C8C-6EA560E850A2}.Debug|Any CPU.Build.0 = Debug|Any CPU
		{01673A97-563A-48A7-8C8C-6EA560E850A2}.Release|Any CPU.ActiveCfg = Release|Any CPU
		{01673A97-563A-48A7-8C8C-6EA560E850A2}.Release|Any CPU.Build.0 = Release|Any CPU
		{B14CF9DC-4635-4A60-96E7-5E7AF68EC70A}.Debug|Any CPU.ActiveCfg = Debug|Any CPU
		{B14CF9DC-4635-4A60-96E7-5E7AF68EC70A}.Debug|Any CPU.Build.0 = Debug|Any CPU
		{B14CF9DC-4635-4A60-96E7-5E7AF68EC70A}.Release|Any CPU.ActiveCfg = Release|Any CPU
		{B14CF9DC-4635-4A60-96E7-5E7AF68EC70A}.Release|Any CPU.Build.0 = Release|Any CPU
	EndGlobalSection
	GlobalSection(SolutionProperties) = preSolution
		HideSolutionNode = FALSE
	EndGlobalSection
	GlobalSection(ExtensibilityGlobals) = postSolution
		SolutionGuid = {FA6A37A0-4F23-45F4-9BE6-05053EA8F701}
	EndGlobalSection
EndGlobal
